// !$*UTF8*$!
{
	archiveVersion = 1;
	classes = {
	};
	objectVersion = 56;
	objects = {

/* Begin PBXBuildFile section */
		679B693D28D866880046906C /* AppDelegate.swift in Sources */ = {isa = PBXBuildFile; fileRef = 679B693C28D866880046906C /* AppDelegate.swift */; };
		679B693F28D866880046906C /* SceneDelegate.swift in Sources */ = {isa = PBXBuildFile; fileRef = 679B693E28D866880046906C /* SceneDelegate.swift */; };
		679B694128D866880046906C /* ViewController.swift in Sources */ = {isa = PBXBuildFile; fileRef = 679B694028D866880046906C /* ViewController.swift */; };
		679B694428D866880046906C /* Main.storyboard in Resources */ = {isa = PBXBuildFile; fileRef = 679B694228D866880046906C /* Main.storyboard */; };
		679B694628D866890046906C /* Assets.xcassets in Resources */ = {isa = PBXBuildFile; fileRef = 679B694528D866890046906C /* Assets.xcassets */; };
		679B694928D866890046906C /* LaunchScreen.storyboard in Resources */ = {isa = PBXBuildFile; fileRef = 679B694728D866890046906C /* LaunchScreen.storyboard */; };
		679B695F28D867900046906C /* PackageLibrary.framework in Frameworks */ = {isa = PBXBuildFile; fileRef = 679B695928D867900046906C /* PackageLibrary.framework */; };
		679B696028D867900046906C /* PackageLibrary.framework in Embed Frameworks */ = {isa = PBXBuildFile; fileRef = 679B695928D867900046906C /* PackageLibrary.framework */; settings = {ATTRIBUTES = (CodeSignOnCopy, RemoveHeadersOnCopy, ); }; };
		679B697328D875340046906C /* Calculate.swift in Sources */ = {isa = PBXBuildFile; fileRef = 679B697228D875340046906C /* Calculate.swift */; };
		679B697F28D875AB0046906C /* Dependant.framework in Frameworks */ = {isa = PBXBuildFile; fileRef = 679B697928D875AB0046906C /* Dependant.framework */; };
		679B698028D875AB0046906C /* Dependant.framework in Embed Frameworks */ = {isa = PBXBuildFile; fileRef = 679B697928D875AB0046906C /* Dependant.framework */; settings = {ATTRIBUTES = (CodeSignOnCopy, RemoveHeadersOnCopy, ); }; };
		679B698928D8772E0046906C /* Process.swift in Sources */ = {isa = PBXBuildFile; fileRef = 679B698628D875ED0046906C /* Process.swift */; };
/* End PBXBuildFile section */

/* Begin PBXContainerItemProxy section */
		679B695D28D867900046906C /* PBXContainerItemProxy */ = {
			isa = PBXContainerItemProxy;
			containerPortal = 679B693128D866880046906C /* Project object */;
			proxyType = 1;
			remoteGlobalIDString = 679B695828D867900046906C;
			remoteInfo = PackageLibrary;
		};
		679B697D28D875AB0046906C /* PBXContainerItemProxy */ = {
			isa = PBXContainerItemProxy;
			containerPortal = 679B693128D866880046906C /* Project object */;
			proxyType = 1;
			remoteGlobalIDString = 679B697828D875AB0046906C;
			remoteInfo = Dependant;
		};
/* End PBXContainerItemProxy section */

/* Begin PBXCopyFilesBuildPhase section */
		679B696428D867900046906C /* Embed Frameworks */ = {
			isa = PBXCopyFilesBuildPhase;
			buildActionMask = 2147483647;
			dstPath = "";
			dstSubfolderSpec = 10;
			files = (
				679B698028D875AB0046906C /* Dependant.framework in Embed Frameworks */,
				679B696028D867900046906C /* PackageLibrary.framework in Embed Frameworks */,
			);
			name = "Embed Frameworks";
			runOnlyForDeploymentPostprocessing = 0;
		};
/* End PBXCopyFilesBuildPhase section */

/* Begin PBXFileReference section */
		679B693928D866880046906C /* Sample.app */ = {isa = PBXFileReference; explicitFileType = wrapper.application; includeInIndex = 0; path = Sample.app; sourceTree = BUILT_PRODUCTS_DIR; };
		679B693C28D866880046906C /* AppDelegate.swift */ = {isa = PBXFileReference; lastKnownFileType = sourcecode.swift; path = AppDelegate.swift; sourceTree = "<group>"; };
		679B693E28D866880046906C /* SceneDelegate.swift */ = {isa = PBXFileReference; lastKnownFileType = sourcecode.swift; path = SceneDelegate.swift; sourceTree = "<group>"; };
		679B694028D866880046906C /* ViewController.swift */ = {isa = PBXFileReference; lastKnownFileType = sourcecode.swift; path = ViewController.swift; sourceTree = "<group>"; };
		679B694328D866880046906C /* Base */ = {isa = PBXFileReference; lastKnownFileType = file.storyboard; name = Base; path = Base.lproj/Main.storyboard; sourceTree = "<group>"; };
		679B694528D866890046906C /* Assets.xcassets */ = {isa = PBXFileReference; lastKnownFileType = folder.assetcatalog; path = Assets.xcassets; sourceTree = "<group>"; };
		679B694828D866890046906C /* Base */ = {isa = PBXFileReference; lastKnownFileType = file.storyboard; name = Base; path = Base.lproj/LaunchScreen.storyboard; sourceTree = "<group>"; };
		679B694A28D866890046906C /* Info.plist */ = {isa = PBXFileReference; lastKnownFileType = text.plist.xml; path = Info.plist; sourceTree = "<group>"; };
		679B695928D867900046906C /* PackageLibrary.framework */ = {isa = PBXFileReference; explicitFileType = wrapper.framework; includeInIndex = 0; path = PackageLibrary.framework; sourceTree = BUILT_PRODUCTS_DIR; };
		679B697128D875340046906C /* PackageLibrary.h */ = {isa = PBXFileReference; fileEncoding = 4; lastKnownFileType = sourcecode.c.h; path = PackageLibrary.h; sourceTree = "<group>"; };
		679B697228D875340046906C /* Calculate.swift */ = {isa = PBXFileReference; fileEncoding = 4; lastKnownFileType = sourcecode.swift; path = Calculate.swift; sourceTree = "<group>"; };
		679B697928D875AB0046906C /* Dependant.framework */ = {isa = PBXFileReference; explicitFileType = wrapper.framework; includeInIndex = 0; path = Dependant.framework; sourceTree = BUILT_PRODUCTS_DIR; };
		679B698528D875C20046906C /* Dependant.h */ = {isa = PBXFileReference; fileEncoding = 4; lastKnownFileType = sourcecode.c.h; path = Dependant.h; sourceTree = "<group>"; };
		679B698628D875ED0046906C /* Process.swift */ = {isa = PBXFileReference; lastKnownFileType = sourcecode.swift; path = Process.swift; sourceTree = "<group>"; };
/* End PBXFileReference section */

/* Begin PBXFrameworksBuildPhase section */
		679B693628D866880046906C /* Frameworks */ = {
			isa = PBXFrameworksBuildPhase;
			buildActionMask = 2147483647;
			files = (
				679B697F28D875AB0046906C /* Dependant.framework in Frameworks */,
				679B695F28D867900046906C /* PackageLibrary.framework in Frameworks */,
			);
			runOnlyForDeploymentPostprocessing = 0;
		};
		679B695628D867900046906C /* Frameworks */ = {
			isa = PBXFrameworksBuildPhase;
			buildActionMask = 2147483647;
			files = (
			);
			runOnlyForDeploymentPostprocessing = 0;
		};
		679B697628D875AB0046906C /* Frameworks */ = {
			isa = PBXFrameworksBuildPhase;
			buildActionMask = 2147483647;
			files = (
			);
			runOnlyForDeploymentPostprocessing = 0;
		};
/* End PBXFrameworksBuildPhase section */

/* Begin PBXGroup section */
		679B693028D866880046906C = {
			isa = PBXGroup;
			children = (
				679B696F28D875340046906C /* Source */,
				679B693B28D866880046906C /* Sample */,
				679B693A28D866880046906C /* Products */,
			);
			sourceTree = "<group>";
		};
		679B693A28D866880046906C /* Products */ = {
			isa = PBXGroup;
			children = (
				679B693928D866880046906C /* Sample.app */,
				679B695928D867900046906C /* PackageLibrary.framework */,
				679B697928D875AB0046906C /* Dependant.framework */,
			);
			name = Products;
			sourceTree = "<group>";
		};
		679B693B28D866880046906C /* Sample */ = {
			isa = PBXGroup;
			children = (
				679B693C28D866880046906C /* AppDelegate.swift */,
				679B693E28D866880046906C /* SceneDelegate.swift */,
				679B694028D866880046906C /* ViewController.swift */,
				679B694228D866880046906C /* Main.storyboard */,
				679B694528D866890046906C /* Assets.xcassets */,
				679B694728D866890046906C /* LaunchScreen.storyboard */,
				679B694A28D866890046906C /* Info.plist */,
			);
			path = Sample;
			sourceTree = "<group>";
		};
		679B696F28D875340046906C /* Source */ = {
			isa = PBXGroup;
			children = (
				679B698428D875C20046906C /* Dependant */,
				679B697028D875340046906C /* PackageLibrary */,
			);
			path = Source;
			sourceTree = "<group>";
		};
		679B697028D875340046906C /* PackageLibrary */ = {
			isa = PBXGroup;
			children = (
				679B697128D875340046906C /* PackageLibrary.h */,
				679B697228D875340046906C /* Calculate.swift */,
			);
			path = PackageLibrary;
			sourceTree = "<group>";
		};
		679B698428D875C20046906C /* Dependant */ = {
			isa = PBXGroup;
			children = (
				679B698528D875C20046906C /* Dependant.h */,
				679B698628D875ED0046906C /* Process.swift */,
			);
			path = Dependant;
			sourceTree = "<group>";
		};
/* End PBXGroup section */

/* Begin PBXHeadersBuildPhase section */
		679B695428D867900046906C /* Headers */ = {
			isa = PBXHeadersBuildPhase;
			buildActionMask = 2147483647;
			files = (
			);
			runOnlyForDeploymentPostprocessing = 0;
		};
		679B697428D875AB0046906C /* Headers */ = {
			isa = PBXHeadersBuildPhase;
			buildActionMask = 2147483647;
			files = (
			);
			runOnlyForDeploymentPostprocessing = 0;
		};
/* End PBXHeadersBuildPhase section */

/* Begin PBXNativeTarget section */
		679B693828D866880046906C /* Sample */ = {
			isa = PBXNativeTarget;
			buildConfigurationList = 679B694D28D866890046906C /* Build configuration list for PBXNativeTarget "Sample" */;
			buildPhases = (
				679B693528D866880046906C /* Sources */,
				679B693628D866880046906C /* Frameworks */,
				679B693728D866880046906C /* Resources */,
				679B696428D867900046906C /* Embed Frameworks */,
			);
			buildRules = (
			);
			dependencies = (
				679B695E28D867900046906C /* PBXTargetDependency */,
				679B697E28D875AB0046906C /* PBXTargetDependency */,
			);
			name = Sample;
			productName = Sample;
			productReference = 679B693928D866880046906C /* Sample.app */;
			productType = "com.apple.product-type.application";
		};
		679B695828D867900046906C /* PackageLibrary */ = {
			isa = PBXNativeTarget;
			buildConfigurationList = 679B696128D867900046906C /* Build configuration list for PBXNativeTarget "PackageLibrary" */;
			buildPhases = (
				679B695428D867900046906C /* Headers */,
				679B695528D867900046906C /* Sources */,
				679B695628D867900046906C /* Frameworks */,
				679B695728D867900046906C /* Resources */,
			);
			buildRules = (
			);
			dependencies = (
			);
			name = PackageLibrary;
			productName = PackageLibrary;
			productReference = 679B695928D867900046906C /* PackageLibrary.framework */;
			productType = "com.apple.product-type.framework";
		};
		679B697828D875AB0046906C /* Dependant */ = {
			isa = PBXNativeTarget;
			buildConfigurationList = 679B698128D875AB0046906C /* Build configuration list for PBXNativeTarget "Dependant" */;
			buildPhases = (
				679B697428D875AB0046906C /* Headers */,
				679B697528D875AB0046906C /* Sources */,
				679B697628D875AB0046906C /* Frameworks */,
				679B697728D875AB0046906C /* Resources */,
			);
			buildRules = (
			);
			dependencies = (
			);
			name = Dependant;
			productName = Dependant;
			productReference = 679B697928D875AB0046906C /* Dependant.framework */;
			productType = "com.apple.product-type.framework";
		};
/* End PBXNativeTarget section */

/* Begin PBXProject section */
		679B693128D866880046906C /* Project object */ = {
			isa = PBXProject;
			attributes = {
				BuildIndependentTargetsInParallel = 1;
				LastSwiftUpdateCheck = 1400;
				LastUpgradeCheck = 1400;
				TargetAttributes = {
					679B693828D866880046906C = {
						CreatedOnToolsVersion = 14.0;
					};
					679B695828D867900046906C = {
						CreatedOnToolsVersion = 14.0;
						LastSwiftMigration = 1400;
					};
					679B697828D875AB0046906C = {
						CreatedOnToolsVersion = 14.0;
						LastSwiftMigration = 1400;
					};
				};
			};
			buildConfigurationList = 679B693428D866880046906C /* Build configuration list for PBXProject "Sample" */;
			compatibilityVersion = "Xcode 14.0";
			developmentRegion = en;
			hasScannedForEncodings = 0;
			knownRegions = (
				en,
				Base,
			);
			mainGroup = 679B693028D866880046906C;
			productRefGroup = 679B693A28D866880046906C /* Products */;
			projectDirPath = "";
			projectRoot = "";
			targets = (
				679B693828D866880046906C /* Sample */,
				679B695828D867900046906C /* PackageLibrary */,
				679B697828D875AB0046906C /* Dependant */,
			);
		};
/* End PBXProject section */

/* Begin PBXResourcesBuildPhase section */
		679B693728D866880046906C /* Resources */ = {
			isa = PBXResourcesBuildPhase;
			buildActionMask = 2147483647;
			files = (
				679B694928D866890046906C /* LaunchScreen.storyboard in Resources */,
				679B694628D866890046906C /* Assets.xcassets in Resources */,
				679B694428D866880046906C /* Main.storyboard in Resources */,
			);
			runOnlyForDeploymentPostprocessing = 0;
		};
		679B695728D867900046906C /* Resources */ = {
			isa = PBXResourcesBuildPhase;
			buildActionMask = 2147483647;
			files = (
			);
			runOnlyForDeploymentPostprocessing = 0;
		};
		679B697728D875AB0046906C /* Resources */ = {
			isa = PBXResourcesBuildPhase;
			buildActionMask = 2147483647;
			files = (
			);
			runOnlyForDeploymentPostprocessing = 0;
		};
/* End PBXResourcesBuildPhase section */

/* Begin PBXSourcesBuildPhase section */
		679B693528D866880046906C /* Sources */ = {
			isa = PBXSourcesBuildPhase;
			buildActionMask = 2147483647;
			files = (
				679B697328D875340046906C /* Calculate.swift in Sources */,
				679B698928D8772E0046906C /* Process.swift in Sources */,
				679B694128D866880046906C /* ViewController.swift in Sources */,
				679B693D28D866880046906C /* AppDelegate.swift in Sources */,
				679B693F28D866880046906C /* SceneDelegate.swift in Sources */,
			);
			runOnlyForDeploymentPostprocessing = 0;
		};
		679B695528D867900046906C /* Sources */ = {
			isa = PBXSourcesBuildPhase;
			buildActionMask = 2147483647;
			files = (
			);
			runOnlyForDeploymentPostprocessing = 0;
		};
		679B697528D875AB0046906C /* Sources */ = {
			isa = PBXSourcesBuildPhase;
			buildActionMask = 2147483647;
			files = (
			);
			runOnlyForDeploymentPostprocessing = 0;
		};
/* End PBXSourcesBuildPhase section */

/* Begin PBXTargetDependency section */
		679B695E28D867900046906C /* PBXTargetDependency */ = {
			isa = PBXTargetDependency;
			target = 679B695828D867900046906C /* PackageLibrary */;
			targetProxy = 679B695D28D867900046906C /* PBXContainerItemProxy */;
		};
		679B697E28D875AB0046906C /* PBXTargetDependency */ = {
			isa = PBXTargetDependency;
			target = 679B697828D875AB0046906C /* Dependant */;
			targetProxy = 679B697D28D875AB0046906C /* PBXContainerItemProxy */;
		};
/* End PBXTargetDependency section */

/* Begin PBXVariantGroup section */
		679B694228D866880046906C /* Main.storyboard */ = {
			isa = PBXVariantGroup;
			children = (
				679B694328D866880046906C /* Base */,
			);
			name = Main.storyboard;
			sourceTree = "<group>";
		};
		679B694728D866890046906C /* LaunchScreen.storyboard */ = {
			isa = PBXVariantGroup;
			children = (
				679B694828D866890046906C /* Base */,
			);
			name = LaunchScreen.storyboard;
			sourceTree = "<group>";
		};
/* End PBXVariantGroup section */

/* Begin XCBuildConfiguration section */
		679B694B28D866890046906C /* Debug */ = {
			isa = XCBuildConfiguration;
			buildSettings = {
				ALWAYS_SEARCH_USER_PATHS = NO;
				CLANG_ANALYZER_NONNULL = YES;
				CLANG_ANALYZER_NUMBER_OBJECT_CONVERSION = YES_AGGRESSIVE;
				CLANG_CXX_LANGUAGE_STANDARD = "gnu++20";
				CLANG_ENABLE_MODULES = YES;
				CLANG_ENABLE_OBJC_ARC = YES;
				CLANG_ENABLE_OBJC_WEAK = YES;
				CLANG_WARN_BLOCK_CAPTURE_AUTORELEASING = YES;
				CLANG_WARN_BOOL_CONVERSION = YES;
				CLANG_WARN_COMMA = YES;
				CLANG_WARN_CONSTANT_CONVERSION = YES;
				CLANG_WARN_DEPRECATED_OBJC_IMPLEMENTATIONS = YES;
				CLANG_WARN_DIRECT_OBJC_ISA_USAGE = YES_ERROR;
				CLANG_WARN_DOCUMENTATION_COMMENTS = YES;
				CLANG_WARN_EMPTY_BODY = YES;
				CLANG_WARN_ENUM_CONVERSION = YES;
				CLANG_WARN_INFINITE_RECURSION = YES;
				CLANG_WARN_INT_CONVERSION = YES;
				CLANG_WARN_NON_LITERAL_NULL_CONVERSION = YES;
				CLANG_WARN_OBJC_IMPLICIT_RETAIN_SELF = YES;
				CLANG_WARN_OBJC_LITERAL_CONVERSION = YES;
				CLANG_WARN_OBJC_ROOT_CLASS = YES_ERROR;
				CLANG_WARN_QUOTED_INCLUDE_IN_FRAMEWORK_HEADER = YES;
				CLANG_WARN_RANGE_LOOP_ANALYSIS = YES;
				CLANG_WARN_STRICT_PROTOTYPES = YES;
				CLANG_WARN_SUSPICIOUS_MOVE = YES;
				CLANG_WARN_UNGUARDED_AVAILABILITY = YES_AGGRESSIVE;
				CLANG_WARN_UNREACHABLE_CODE = YES;
				CLANG_WARN__DUPLICATE_METHOD_MATCH = YES;
				COPY_PHASE_STRIP = NO;
				DEBUG_INFORMATION_FORMAT = dwarf;
				ENABLE_STRICT_OBJC_MSGSEND = YES;
				ENABLE_TESTABILITY = YES;
				GCC_C_LANGUAGE_STANDARD = gnu11;
				GCC_DYNAMIC_NO_PIC = NO;
				GCC_NO_COMMON_BLOCKS = YES;
				GCC_OPTIMIZATION_LEVEL = 0;
				GCC_PREPROCESSOR_DEFINITIONS = (
					"DEBUG=1",
					"$(inherited)",
				);
				GCC_WARN_64_TO_32_BIT_CONVERSION = YES;
				GCC_WARN_ABOUT_RETURN_TYPE = YES_ERROR;
				GCC_WARN_UNDECLARED_SELECTOR = YES;
				GCC_WARN_UNINITIALIZED_AUTOS = YES_AGGRESSIVE;
				GCC_WARN_UNUSED_FUNCTION = YES;
				GCC_WARN_UNUSED_VARIABLE = YES;
				IPHONEOS_DEPLOYMENT_TARGET = 16.0;
				MTL_ENABLE_DEBUG_INFO = INCLUDE_SOURCE;
				MTL_FAST_MATH = YES;
				ONLY_ACTIVE_ARCH = YES;
				SDKROOT = iphoneos;
				SWIFT_ACTIVE_COMPILATION_CONDITIONS = DEBUG;
				SWIFT_OPTIMIZATION_LEVEL = "-Onone";
			};
			name = Debug;
		};
		679B694C28D866890046906C /* Release */ = {
			isa = XCBuildConfiguration;
			buildSettings = {
				ALWAYS_SEARCH_USER_PATHS = NO;
				CLANG_ANALYZER_NONNULL = YES;
				CLANG_ANALYZER_NUMBER_OBJECT_CONVERSION = YES_AGGRESSIVE;
				CLANG_CXX_LANGUAGE_STANDARD = "gnu++20";
				CLANG_ENABLE_MODULES = YES;
				CLANG_ENABLE_OBJC_ARC = YES;
				CLANG_ENABLE_OBJC_WEAK = YES;
				CLANG_WARN_BLOCK_CAPTURE_AUTORELEASING = YES;
				CLANG_WARN_BOOL_CONVERSION = YES;
				CLANG_WARN_COMMA = YES;
				CLANG_WARN_CONSTANT_CONVERSION = YES;
				CLANG_WARN_DEPRECATED_OBJC_IMPLEMENTATIONS = YES;
				CLANG_WARN_DIRECT_OBJC_ISA_USAGE = YES_ERROR;
				CLANG_WARN_DOCUMENTATION_COMMENTS = YES;
				CLANG_WARN_EMPTY_BODY = YES;
				CLANG_WARN_ENUM_CONVERSION = YES;
				CLANG_WARN_INFINITE_RECURSION = YES;
				CLANG_WARN_INT_CONVERSION = YES;
				CLANG_WARN_NON_LITERAL_NULL_CONVERSION = YES;
				CLANG_WARN_OBJC_IMPLICIT_RETAIN_SELF = YES;
				CLANG_WARN_OBJC_LITERAL_CONVERSION = YES;
				CLANG_WARN_OBJC_ROOT_CLASS = YES_ERROR;
				CLANG_WARN_QUOTED_INCLUDE_IN_FRAMEWORK_HEADER = YES;
				CLANG_WARN_RANGE_LOOP_ANALYSIS = YES;
				CLANG_WARN_STRICT_PROTOTYPES = YES;
				CLANG_WARN_SUSPICIOUS_MOVE = YES;
				CLANG_WARN_UNGUARDED_AVAILABILITY = YES_AGGRESSIVE;
				CLANG_WARN_UNREACHABLE_CODE = YES;
				CLANG_WARN__DUPLICATE_METHOD_MATCH = YES;
				COPY_PHASE_STRIP = NO;
				DEBUG_INFORMATION_FORMAT = "dwarf-with-dsym";
				ENABLE_NS_ASSERTIONS = NO;
				ENABLE_STRICT_OBJC_MSGSEND = YES;
				GCC_C_LANGUAGE_STANDARD = gnu11;
				GCC_NO_COMMON_BLOCKS = YES;
				GCC_WARN_64_TO_32_BIT_CONVERSION = YES;
				GCC_WARN_ABOUT_RETURN_TYPE = YES_ERROR;
				GCC_WARN_UNDECLARED_SELECTOR = YES;
				GCC_WARN_UNINITIALIZED_AUTOS = YES_AGGRESSIVE;
				GCC_WARN_UNUSED_FUNCTION = YES;
				GCC_WARN_UNUSED_VARIABLE = YES;
				IPHONEOS_DEPLOYMENT_TARGET = 16.0;
				MTL_ENABLE_DEBUG_INFO = NO;
				MTL_FAST_MATH = YES;
				SDKROOT = iphoneos;
				SWIFT_COMPILATION_MODE = wholemodule;
				SWIFT_OPTIMIZATION_LEVEL = "-O";
				VALIDATE_PRODUCT = YES;
			};
			name = Release;
		};
		679B694E28D866890046906C /* Debug */ = {
			isa = XCBuildConfiguration;
			buildSettings = {
				ASSETCATALOG_COMPILER_APPICON_NAME = AppIcon;
				ASSETCATALOG_COMPILER_GLOBAL_ACCENT_COLOR_NAME = AccentColor;
				CODE_SIGN_STYLE = Automatic;
				CURRENT_PROJECT_VERSION = 1;
				GENERATE_INFOPLIST_FILE = YES;
				INFOPLIST_FILE = Sample/Info.plist;
				INFOPLIST_KEY_UIApplicationSupportsIndirectInputEvents = YES;
				INFOPLIST_KEY_UILaunchStoryboardName = LaunchScreen;
				INFOPLIST_KEY_UIMainStoryboardFile = Main;
				INFOPLIST_KEY_UISupportedInterfaceOrientations_iPad = "UIInterfaceOrientationPortrait UIInterfaceOrientationPortraitUpsideDown UIInterfaceOrientationLandscapeLeft UIInterfaceOrientationLandscapeRight";
				INFOPLIST_KEY_UISupportedInterfaceOrientations_iPhone = "UIInterfaceOrientationPortrait UIInterfaceOrientationLandscapeLeft UIInterfaceOrientationLandscapeRight";
				LD_RUNPATH_SEARCH_PATHS = (
					"$(inherited)",
					"@executable_path/Frameworks",
				);
				MARKETING_VERSION = 1.0;
				PRODUCT_BUNDLE_IDENTIFIER = com.contis.Sample;
				PRODUCT_NAME = "$(TARGET_NAME)";
				SWIFT_EMIT_LOC_STRINGS = YES;
				SWIFT_VERSION = 5.0;
				TARGETED_DEVICE_FAMILY = "1,2";
			};
			name = Debug;
		};
		679B694F28D866890046906C /* Release */ = {
			isa = XCBuildConfiguration;
			buildSettings = {
				ASSETCATALOG_COMPILER_APPICON_NAME = AppIcon;
				ASSETCATALOG_COMPILER_GLOBAL_ACCENT_COLOR_NAME = AccentColor;
				CODE_SIGN_STYLE = Automatic;
				CURRENT_PROJECT_VERSION = 1;
				GENERATE_INFOPLIST_FILE = YES;
				INFOPLIST_FILE = Sample/Info.plist;
				INFOPLIST_KEY_UIApplicationSupportsIndirectInputEvents = YES;
				INFOPLIST_KEY_UILaunchStoryboardName = LaunchScreen;
				INFOPLIST_KEY_UIMainStoryboardFile = Main;
				INFOPLIST_KEY_UISupportedInterfaceOrientations_iPad = "UIInterfaceOrientationPortrait UIInterfaceOrientationPortraitUpsideDown UIInterfaceOrientationLandscapeLeft UIInterfaceOrientationLandscapeRight";
				INFOPLIST_KEY_UISupportedInterfaceOrientations_iPhone = "UIInterfaceOrientationPortrait UIInterfaceOrientationLandscapeLeft UIInterfaceOrientationLandscapeRight";
				LD_RUNPATH_SEARCH_PATHS = (
					"$(inherited)",
					"@executable_path/Frameworks",
				);
				MARKETING_VERSION = 1.0;
				PRODUCT_BUNDLE_IDENTIFIER = com.contis.Sample;
				PRODUCT_NAME = "$(TARGET_NAME)";
				SWIFT_EMIT_LOC_STRINGS = YES;
				SWIFT_VERSION = 5.0;
				TARGETED_DEVICE_FAMILY = "1,2";
			};
			name = Release;
		};
		679B696228D867900046906C /* Debug */ = {
			isa = XCBuildConfiguration;
			buildSettings = {
				CLANG_ENABLE_MODULES = YES;
				CODE_SIGN_STYLE = Automatic;
				CURRENT_PROJECT_VERSION = 1;
				DEFINES_MODULE = YES;
				DYLIB_COMPATIBILITY_VERSION = 1;
				DYLIB_CURRENT_VERSION = 1;
				DYLIB_INSTALL_NAME_BASE = "@rpath";
				GENERATE_INFOPLIST_FILE = YES;
				INFOPLIST_KEY_NSHumanReadableCopyright = "";
				INSTALL_PATH = "$(LOCAL_LIBRARY_DIR)/Frameworks";
				LD_RUNPATH_SEARCH_PATHS = (
					"$(inherited)",
					"@executable_path/Frameworks",
					"@loader_path/Frameworks",
				);
				MARKETING_VERSION = 1.0;
				PRODUCT_BUNDLE_IDENTIFIER = com.contis.PackageLibrary;
				PRODUCT_NAME = "$(TARGET_NAME:c99extidentifier)";
				SKIP_INSTALL = YES;
				SWIFT_EMIT_LOC_STRINGS = YES;
				SWIFT_OPTIMIZATION_LEVEL = "-Onone";
				SWIFT_VERSION = 5.0;
				TARGETED_DEVICE_FAMILY = "1,2";
				VERSIONING_SYSTEM = "apple-generic";
				VERSION_INFO_PREFIX = "";
			};
			name = Debug;
		};
		679B696328D867900046906C /* Release */ = {
			isa = XCBuildConfiguration;
			buildSettings = {
				CLANG_ENABLE_MODULES = YES;
				CODE_SIGN_STYLE = Automatic;
				CURRENT_PROJECT_VERSION = 1;
				DEFINES_MODULE = YES;
				DYLIB_COMPATIBILITY_VERSION = 1;
				DYLIB_CURRENT_VERSION = 1;
				DYLIB_INSTALL_NAME_BASE = "@rpath";
				GENERATE_INFOPLIST_FILE = YES;
				INFOPLIST_KEY_NSHumanReadableCopyright = "";
				INSTALL_PATH = "$(LOCAL_LIBRARY_DIR)/Frameworks";
				LD_RUNPATH_SEARCH_PATHS = (
					"$(inherited)",
					"@executable_path/Frameworks",
					"@loader_path/Frameworks",
				);
				MARKETING_VERSION = 1.0;
				PRODUCT_BUNDLE_IDENTIFIER = com.contis.PackageLibrary;
				PRODUCT_NAME = "$(TARGET_NAME:c99extidentifier)";
				SKIP_INSTALL = YES;
				SWIFT_EMIT_LOC_STRINGS = YES;
				SWIFT_VERSION = 5.0;
				TARGETED_DEVICE_FAMILY = "1,2";
				VERSIONING_SYSTEM = "apple-generic";
				VERSION_INFO_PREFIX = "";
			};
			name = Release;
		};
		679B698228D875AB0046906C /* Debug */ = {
			isa = XCBuildConfiguration;
			buildSettings = {
				CLANG_ENABLE_MODULES = YES;
				CODE_SIGN_STYLE = Automatic;
				CURRENT_PROJECT_VERSION = 1;
				DEFINES_MODULE = YES;
				DYLIB_COMPATIBILITY_VERSION = 1;
				DYLIB_CURRENT_VERSION = 1;
				DYLIB_INSTALL_NAME_BASE = "@rpath";
				GENERATE_INFOPLIST_FILE = YES;
				INFOPLIST_KEY_NSHumanReadableCopyright = "";
				INSTALL_PATH = "$(LOCAL_LIBRARY_DIR)/Frameworks";
				LD_RUNPATH_SEARCH_PATHS = (
					"$(inherited)",
					"@executable_path/Frameworks",
					"@loader_path/Frameworks",
				);
				MARKETING_VERSION = 1.0;
				PRODUCT_BUNDLE_IDENTIFIER = com.contis.Dependant;
				PRODUCT_NAME = "$(TARGET_NAME:c99extidentifier)";
				SKIP_INSTALL = YES;
				SWIFT_EMIT_LOC_STRINGS = YES;
				SWIFT_OPTIMIZATION_LEVEL = "-Onone";
				SWIFT_VERSION = 5.0;
				TARGETED_DEVICE_FAMILY = "1,2";
				VERSIONING_SYSTEM = "apple-generic";
				VERSION_INFO_PREFIX = "";
			};
			name = Debug;
		};
		679B698328D875AB0046906C /* Release */ = {
			isa = XCBuildConfiguration;
			buildSettings = {
				CLANG_ENABLE_MODULES = YES;
				CODE_SIGN_STYLE = Automatic;
				CURRENT_PROJECT_VERSION = 1;
				DEFINES_MODULE = YES;
				DYLIB_COMPATIBILITY_VERSION = 1;
				DYLIB_CURRENT_VERSION = 1;
				DYLIB_INSTALL_NAME_BASE = "@rpath";
				GENERATE_INFOPLIST_FILE = YES;
				INFOPLIST_KEY_NSHumanReadableCopyright = "";
				INSTALL_PATH = "$(LOCAL_LIBRARY_DIR)/Frameworks";
				LD_RUNPATH_SEARCH_PATHS = (
					"$(inherited)",
					"@executable_path/Frameworks",
					"@loader_path/Frameworks",
				);
				MARKETING_VERSION = 1.0;
				PRODUCT_BUNDLE_IDENTIFIER = com.contis.Dependant;
				PRODUCT_NAME = "$(TARGET_NAME:c99extidentifier)";
				SKIP_INSTALL = YES;
				SWIFT_EMIT_LOC_STRINGS = YES;
				SWIFT_VERSION = 5.0;
				TARGETED_DEVICE_FAMILY = "1,2";
				VERSIONING_SYSTEM = "apple-generic";
				VERSION_INFO_PREFIX = "";
			};
			name = Release;
		};
/* End XCBuildConfiguration section */

/* Begin XCConfigurationList section */
		679B693428D866880046906C /* Build configuration list for PBXProject "Sample" */ = {
			isa = XCConfigurationList;
			buildConfigurations = (
				679B694B28D866890046906C /* Debug */,
				679B694C28D866890046906C /* Release */,
			);
			defaultConfigurationIsVisible = 0;
			defaultConfigurationName = Release;
		};
		679B694D28D866890046906C /* Build configuration list for PBXNativeTarget "Sample" */ = {
			isa = XCConfigurationList;
			buildConfigurations = (
				679B694E28D866890046906C /* Debug */,
				679B694F28D866890046906C /* Release */,
			);
			defaultConfigurationIsVisible = 0;
			defaultConfigurationName = Release;
		};
		679B696128D867900046906C /* Build configuration list for PBXNativeTarget "PackageLibrary" */ = {
			isa = XCConfigurationList;
			buildConfigurations = (
				679B696228D867900046906C /* Debug */,
				679B696328D867900046906C /* Release */,
			);
			defaultConfigurationIsVisible = 0;
			defaultConfigurationName = Release;
		};
		679B698128D875AB0046906C /* Build configuration list for PBXNativeTarget "Dependant" */ = {
			isa = XCConfigurationList;
			buildConfigurations = (
				679B698228D875AB0046906C /* Debug */,
				679B698328D875AB0046906C /* Release */,
			);
			defaultConfigurationIsVisible = 0;
			defaultConfigurationName = Release;
		};
/* End XCConfigurationList section */
	};
	rootObject = 679B693128D866880046906C /* Project object */;
}
